// !$*UTF8*$!
{
	archiveVersion = 1;
	classes = {
	};
	objectVersion = 46;
	objects = {

/* Begin PBXBuildFile section */
		07B74DC31B1D1EFC0064E526 /* main.m in Sources */ = {isa = PBXBuildFile; fileRef = 07B74DC21B1D1EFC0064E526 /* main.m */; };
		07B74DC61B1D1EFC0064E526 /* CardGameAppDelegate.m in Sources */ = {isa = PBXBuildFile; fileRef = 07B74DC51B1D1EFC0064E526 /* CardGameAppDelegate.m */; };
		07B74DC91B1D1EFC0064E526 /* CardGameViewController.m in Sources */ = {isa = PBXBuildFile; fileRef = 07B74DC81B1D1EFC0064E526 /* CardGameViewController.m */; };
		07B74DCC1B1D1EFC0064E526 /* Main.storyboard in Resources */ = {isa = PBXBuildFile; fileRef = 07B74DCA1B1D1EFC0064E526 /* Main.storyboard */; };
		07B74DCE1B1D1EFC0064E526 /* Images.xcassets in Resources */ = {isa = PBXBuildFile; fileRef = 07B74DCD1B1D1EFC0064E526 /* Images.xcassets */; };
		07B74DD11B1D1EFC0064E526 /* LaunchScreen.xib in Resources */ = {isa = PBXBuildFile; fileRef = 07B74DCF1B1D1EFC0064E526 /* LaunchScreen.xib */; };
		07B74DDD1B1D1EFC0064E526 /* MicheesmoTests.m in Sources */ = {isa = PBXBuildFile; fileRef = 07B74DDC1B1D1EFC0064E526 /* MicheesmoTests.m */; };
		07B74DEB1B1D24DF0064E526 /* Card.m in Sources */ = {isa = PBXBuildFile; fileRef = 07B74DEA1B1D24DF0064E526 /* Card.m */; };
		07B74DEE1B1D343C0064E526 /* Deck.m in Sources */ = {isa = PBXBuildFile; fileRef = 07B74DED1B1D343C0064E526 /* Deck.m */; };
		07B74DF11B1D4C600064E526 /* PlayingCard.m in Sources */ = {isa = PBXBuildFile; fileRef = 07B74DF01B1D4C600064E526 /* PlayingCard.m */; };
		07B74DF41B1D58AC0064E526 /* PlayingCardDeck.m in Sources */ = {isa = PBXBuildFile; fileRef = 07B74DF31B1D58AC0064E526 /* PlayingCardDeck.m */; };
/* End PBXBuildFile section */

/* Begin PBXContainerItemProxy section */
		07B74DD71B1D1EFC0064E526 /* PBXContainerItemProxy */ = {
			isa = PBXContainerItemProxy;
			containerPortal = 07B74DB51B1D1EFC0064E526 /* Project object */;
			proxyType = 1;
			remoteGlobalIDString = 07B74DBC1B1D1EFC0064E526;
			remoteInfo = Micheesmo;
		};
/* End PBXContainerItemProxy section */

/* Begin PBXFileReference section */
		07B74DBD1B1D1EFC0064E526 /* Micheesmo.app */ = {isa = PBXFileReference; explicitFileType = wrapper.application; includeInIndex = 0; path = Micheesmo.app; sourceTree = BUILT_PRODUCTS_DIR; };
		07B74DC11B1D1EFC0064E526 /* Info.plist */ = {isa = PBXFileReference; lastKnownFileType = text.plist.xml; path = Info.plist; sourceTree = "<group>"; };
		07B74DC21B1D1EFC0064E526 /* main.m */ = {isa = PBXFileReference; lastKnownFileType = sourcecode.c.objc; path = main.m; sourceTree = "<group>"; };
		07B74DC41B1D1EFC0064E526 /* CardGameAppDelegate.h */ = {isa = PBXFileReference; lastKnownFileType = sourcecode.c.h; path = CardGameAppDelegate.h; sourceTree = "<group>"; };
		07B74DC51B1D1EFC0064E526 /* CardGameAppDelegate.m */ = {isa = PBXFileReference; lastKnownFileType = sourcecode.c.objc; path = CardGameAppDelegate.m; sourceTree = "<group>"; };
		07B74DC71B1D1EFC0064E526 /* CardGameViewController.h */ = {isa = PBXFileReference; lastKnownFileType = sourcecode.c.h; path = CardGameViewController.h; sourceTree = "<group>"; };
		07B74DC81B1D1EFC0064E526 /* CardGameViewController.m */ = {isa = PBXFileReference; lastKnownFileType = sourcecode.c.objc; path = CardGameViewController.m; sourceTree = "<group>"; };
		07B74DCB1B1D1EFC0064E526 /* Base */ = {isa = PBXFileReference; lastKnownFileType = file.storyboard; name = Base; path = Base.lproj/Main.storyboard; sourceTree = "<group>"; };
		07B74DCD1B1D1EFC0064E526 /* Images.xcassets */ = {isa = PBXFileReference; lastKnownFileType = folder.assetcatalog; path = Images.xcassets; sourceTree = "<group>"; };
		07B74DD01B1D1EFC0064E526 /* Base */ = {isa = PBXFileReference; lastKnownFileType = file.xib; name = Base; path = Base.lproj/LaunchScreen.xib; sourceTree = "<group>"; };
		07B74DD61B1D1EFC0064E526 /* MicheesmoTests.xctest */ = {isa = PBXFileReference; explicitFileType = wrapper.cfbundle; includeInIndex = 0; path = MicheesmoTests.xctest; sourceTree = BUILT_PRODUCTS_DIR; };
		07B74DDB1B1D1EFC0064E526 /* Info.plist */ = {isa = PBXFileReference; lastKnownFileType = text.plist.xml; path = Info.plist; sourceTree = "<group>"; };
		07B74DDC1B1D1EFC0064E526 /* MicheesmoTests.m */ = {isa = PBXFileReference; lastKnownFileType = sourcecode.c.objc; path = MicheesmoTests.m; sourceTree = "<group>"; };
		07B74DE91B1D24DF0064E526 /* Card.h */ = {isa = PBXFileReference; fileEncoding = 4; lastKnownFileType = sourcecode.c.h; name = Card.h; path = Model/Card.h; sourceTree = "<group>"; };
		07B74DEA1B1D24DF0064E526 /* Card.m */ = {isa = PBXFileReference; fileEncoding = 4; lastKnownFileType = sourcecode.c.objc; name = Card.m; path = Model/Card.m; sourceTree = "<group>"; };
		07B74DEC1B1D343C0064E526 /* Deck.h */ = {isa = PBXFileReference; fileEncoding = 4; lastKnownFileType = sourcecode.c.h; name = Deck.h; path = Model/Deck.h; sourceTree = "<group>"; };
		07B74DED1B1D343C0064E526 /* Deck.m */ = {isa = PBXFileReference; fileEncoding = 4; lastKnownFileType = sourcecode.c.objc; name = Deck.m; path = Model/Deck.m; sourceTree = "<group>"; };
		07B74DEF1B1D4C600064E526 /* PlayingCard.h */ = {isa = PBXFileReference; fileEncoding = 4; lastKnownFileType = sourcecode.c.h; name = PlayingCard.h; path = Model/PlayingCard.h; sourceTree = "<group>"; };
		07B74DF01B1D4C600064E526 /* PlayingCard.m */ = {isa = PBXFileReference; fileEncoding = 4; lastKnownFileType = sourcecode.c.objc; name = PlayingCard.m; path = Model/PlayingCard.m; sourceTree = "<group>"; };
		07B74DF21B1D58AC0064E526 /* PlayingCardDeck.h */ = {isa = PBXFileReference; fileEncoding = 4; lastKnownFileType = sourcecode.c.h; name = PlayingCardDeck.h; path = Model/PlayingCardDeck.h; sourceTree = "<group>"; };
		07B74DF31B1D58AC0064E526 /* PlayingCardDeck.m */ = {isa = PBXFileReference; fileEncoding = 4; lastKnownFileType = sourcecode.c.objc; name = PlayingCardDeck.m; path = Model/PlayingCardDeck.m; sourceTree = "<group>"; };
/* End PBXFileReference section */

/* Begin PBXFrameworksBuildPhase section */
		07B74DBA1B1D1EFC0064E526 /* Frameworks */ = {
			isa = PBXFrameworksBuildPhase;
			buildActionMask = 2147483647;
			files = (
			);
			runOnlyForDeploymentPostprocessing = 0;
		};
		07B74DD31B1D1EFC0064E526 /* Frameworks */ = {
			isa = PBXFrameworksBuildPhase;
			buildActionMask = 2147483647;
			files = (
			);
			runOnlyForDeploymentPostprocessing = 0;
		};
/* End PBXFrameworksBuildPhase section */

/* Begin PBXGroup section */
		07B74DB41B1D1EFC0064E526 = {
			isa = PBXGroup;
			children = (
				07B74DBF1B1D1EFC0064E526 /* Micheesmo */,
				07B74DD91B1D1EFC0064E526 /* MicheesmoTests */,
				07B74DBE1B1D1EFC0064E526 /* Products */,
			);
			sourceTree = "<group>";
		};
		07B74DBE1B1D1EFC0064E526 /* Products */ = {
			isa = PBXGroup;
			children = (
				07B74DBD1B1D1EFC0064E526 /* Micheesmo.app */,
				07B74DD61B1D1EFC0064E526 /* MicheesmoTests.xctest */,
			);
			name = Products;
			sourceTree = "<group>";
		};
		07B74DBF1B1D1EFC0064E526 /* Micheesmo */ = {
			isa = PBXGroup;
			children = (
				07B74DE61B1D23960064E526 /* Model */,
				07B74DC41B1D1EFC0064E526 /* CardGameAppDelegate.h */,
				07B74DC51B1D1EFC0064E526 /* CardGameAppDelegate.m */,
				07B74DC71B1D1EFC0064E526 /* CardGameViewController.h */,
				07B74DC81B1D1EFC0064E526 /* CardGameViewController.m */,
				07B74DCA1B1D1EFC0064E526 /* Main.storyboard */,
				07B74DCD1B1D1EFC0064E526 /* Images.xcassets */,
				07B74DCF1B1D1EFC0064E526 /* LaunchScreen.xib */,
				07B74DC01B1D1EFC0064E526 /* Supporting Files */,
			);
			path = Micheesmo;
			sourceTree = "<group>";
		};
		07B74DC01B1D1EFC0064E526 /* Supporting Files */ = {
			isa = PBXGroup;
			children = (
				07B74DC11B1D1EFC0064E526 /* Info.plist */,
				07B74DC21B1D1EFC0064E526 /* main.m */,
			);
			name = "Supporting Files";
			sourceTree = "<group>";
		};
		07B74DD91B1D1EFC0064E526 /* MicheesmoTests */ = {
			isa = PBXGroup;
			children = (
				07B74DDC1B1D1EFC0064E526 /* MicheesmoTests.m */,
				07B74DDA1B1D1EFC0064E526 /* Supporting Files */,
			);
			path = MicheesmoTests;
			sourceTree = "<group>";
		};
		07B74DDA1B1D1EFC0064E526 /* Supporting Files */ = {
			isa = PBXGroup;
			children = (
				07B74DDB1B1D1EFC0064E526 /* Info.plist */,
			);
			name = "Supporting Files";
			sourceTree = "<group>";
		};
		07B74DE61B1D23960064E526 /* Model */ = {
			isa = PBXGroup;
			children = (
				07B74DE91B1D24DF0064E526 /* Card.h */,
				07B74DEA1B1D24DF0064E526 /* Card.m */,
				07B74DEC1B1D343C0064E526 /* Deck.h */,
				07B74DED1B1D343C0064E526 /* Deck.m */,
				07B74DEF1B1D4C600064E526 /* PlayingCard.h */,
				07B74DF21B1D58AC0064E526 /* PlayingCardDeck.h */,
				07B74DF31B1D58AC0064E526 /* PlayingCardDeck.m */,
				07B74DF01B1D4C600064E526 /* PlayingCard.m */,
			);
			name = Model;
			sourceTree = "<group>";
		};
/* End PBXGroup section */

/* Begin PBXNativeTarget section */
		07B74DBC1B1D1EFC0064E526 /* Micheesmo */ = {
			isa = PBXNativeTarget;
			buildConfigurationList = 07B74DE01B1D1EFC0064E526 /* Build configuration list for PBXNativeTarget "Micheesmo" */;
			buildPhases = (
				07B74DB91B1D1EFC0064E526 /* Sources */,
				07B74DBA1B1D1EFC0064E526 /* Frameworks */,
				07B74DBB1B1D1EFC0064E526 /* Resources */,
			);
			buildRules = (
			);
			dependencies = (
			);
			name = Micheesmo;
			productName = Micheesmo;
			productReference = 07B74DBD1B1D1EFC0064E526 /* Micheesmo.app */;
			productType = "com.apple.product-type.application";
		};
		07B74DD51B1D1EFC0064E526 /* MicheesmoTests */ = {
			isa = PBXNativeTarget;
			buildConfigurationList = 07B74DE31B1D1EFC0064E526 /* Build configuration list for PBXNativeTarget "MicheesmoTests" */;
			buildPhases = (
				07B74DD21B1D1EFC0064E526 /* Sources */,
				07B74DD31B1D1EFC0064E526 /* Frameworks */,
				07B74DD41B1D1EFC0064E526 /* Resources */,
			);
			buildRules = (
			);
			dependencies = (
				07B74DD81B1D1EFC0064E526 /* PBXTargetDependency */,
			);
			name = MicheesmoTests;
			productName = MicheesmoTests;
			productReference = 07B74DD61B1D1EFC0064E526 /* MicheesmoTests.xctest */;
			productType = "com.apple.product-type.bundle.unit-test";
		};
/* End PBXNativeTarget section */

/* Begin PBXProject section */
		07B74DB51B1D1EFC0064E526 /* Project object */ = {
			isa = PBXProject;
			attributes = {
				CLASSPREFIX = CardGame;
				LastUpgradeCheck = 0630;
				ORGANIZATIONNAME = "Eric Peterson";
				TargetAttributes = {
					07B74DBC1B1D1EFC0064E526 = {
						CreatedOnToolsVersion = 6.3.2;
					};
					07B74DD51B1D1EFC0064E526 = {
						CreatedOnToolsVersion = 6.3.2;
						TestTargetID = 07B74DBC1B1D1EFC0064E526;
					};
				};
			};
			buildConfigurationList = 07B74DB81B1D1EFC0064E526 /* Build configuration list for PBXProject "Micheesmo" */;
			compatibilityVersion = "Xcode 3.2";
			developmentRegion = English;
			hasScannedForEncodings = 0;
			knownRegions = (
				en,
				Base,
			);
			mainGroup = 07B74DB41B1D1EFC0064E526;
			productRefGroup = 07B74DBE1B1D1EFC0064E526 /* Products */;
			projectDirPath = "";
			projectRoot = "";
			targets = (
				07B74DBC1B1D1EFC0064E526 /* Micheesmo */,
				07B74DD51B1D1EFC0064E526 /* MicheesmoTests */,
			);
		};
/* End PBXProject section */

/* Begin PBXResourcesBuildPhase section */
		07B74DBB1B1D1EFC0064E526 /* Resources */ = {
			isa = PBXResourcesBuildPhase;
			buildActionMask = 2147483647;
			files = (
				07B74DCC1B1D1EFC0064E526 /* Main.storyboard in Resources */,
				07B74DD11B1D1EFC0064E526 /* LaunchScreen.xib in Resources */,
				07B74DCE1B1D1EFC0064E526 /* Images.xcassets in Resources */,
			);
			runOnlyForDeploymentPostprocessing = 0;
		};
		07B74DD41B1D1EFC0064E526 /* Resources */ = {
			isa = PBXResourcesBuildPhase;
			buildActionMask = 2147483647;
			files = (
			);
			runOnlyForDeploymentPostprocessing = 0;
		};
/* End PBXResourcesBuildPhase section */

/* Begin PBXSourcesBuildPhase section */
		07B74DB91B1D1EFC0064E526 /* Sources */ = {
			isa = PBXSourcesBuildPhase;
			buildActionMask = 2147483647;
			files = (
				07B74DF11B1D4C600064E526 /* PlayingCard.m in Sources */,
				07B74DEE1B1D343C0064E526 /* Deck.m in Sources */,
				07B74DC91B1D1EFC0064E526 /* CardGameViewController.m in Sources */,
				07B74DC61B1D1EFC0064E526 /* CardGameAppDelegate.m in Sources */,
				07B74DF41B1D58AC0064E526 /* PlayingCardDeck.m in Sources */,
				07B74DC31B1D1EFC0064E526 /* main.m in Sources */,
				07B74DEB1B1D24DF0064E526 /* Card.m in Sources */,
			);
			runOnlyForDeploymentPostprocessing = 0;
		};
		07B74DD21B1D1EFC0064E526 /* Sources */ = {
			isa = PBXSourcesBuildPhase;
			buildActionMask = 2147483647;
			files = (
				07B74DDD1B1D1EFC0064E526 /* MicheesmoTests.m in Sources */,
			);
			runOnlyForDeploymentPostprocessing = 0;
		};
/* End PBXSourcesBuildPhase section */

/* Begin PBXTargetDependency section */
		07B74DD81B1D1EFC0064E526 /* PBXTargetDependency */ = {
			isa = PBXTargetDependency;
			target = 07B74DBC1B1D1EFC0064E526 /* Micheesmo */;
			targetProxy = 07B74DD71B1D1EFC0064E526 /* PBXContainerItemProxy */;
		};
/* End PBXTargetDependency section */

/* Begin PBXVariantGroup section */
		07B74DCA1B1D1EFC0064E526 /* Main.storyboard */ = {
			isa = PBXVariantGroup;
			children = (
				07B74DCB1B1D1EFC0064E526 /* Base */,
			);
			name = Main.storyboard;
			sourceTree = "<group>";
		};
		07B74DCF1B1D1EFC0064E526 /* LaunchScreen.xib */ = {
			isa = PBXVariantGroup;
			children = (
				07B74DD01B1D1EFC0064E526 /* Base */,
			);
			name = LaunchScreen.xib;
			sourceTree = "<group>";
		};
/* End PBXVariantGroup section */

/* Begin XCBuildConfiguration section */
		07B74DDE1B1D1EFC0064E526 /* Debug */ = {
			isa = XCBuildConfiguration;
			buildSettings = {
				ALWAYS_SEARCH_USER_PATHS = NO;
				CLANG_CXX_LANGUAGE_STANDARD = "gnu++0x";
				CLANG_CXX_LIBRARY = "libc++";
				CLANG_ENABLE_MODULES = YES;
				CLANG_ENABLE_OBJC_ARC = YES;
				CLANG_WARN_BOOL_CONVERSION = YES;
				CLANG_WARN_CONSTANT_CONVERSION = YES;
				CLANG_WARN_DIRECT_OBJC_ISA_USAGE = YES_ERROR;
				CLANG_WARN_EMPTY_BODY = YES;
				CLANG_WARN_ENUM_CONVERSION = YES;
				CLANG_WARN_INT_CONVERSION = YES;
				CLANG_WARN_OBJC_ROOT_CLASS = YES_ERROR;
				CLANG_WARN_UNREACHABLE_CODE = YES;
				CLANG_WARN__DUPLICATE_METHOD_MATCH = YES;
				"CODE_SIGN_IDENTITY[sdk=iphoneos*]" = "iPhone Developer";
				COPY_PHASE_STRIP = NO;
				DEBUG_INFORMATION_FORMAT = "dwarf-with-dsym";
				ENABLE_STRICT_OBJC_MSGSEND = YES;
				GCC_C_LANGUAGE_STANDARD = gnu99;
				GCC_DYNAMIC_NO_PIC = NO;
				GCC_NO_COMMON_BLOCKS = YES;
				GCC_OPTIMIZATION_LEVEL = 0;
				GCC_PREPROCESSOR_DEFINITIONS = (
					"DEBUG=1",
					"$(inherited)",
				);
				GCC_SYMBOLS_PRIVATE_EXTERN = NO;
				GCC_WARN_64_TO_32_BIT_CONVERSION = YES;
				GCC_WARN_ABOUT_RETURN_TYPE = YES_ERROR;
				GCC_WARN_UNDECLARED_SELECTOR = YES;
				GCC_WARN_UNINITIALIZED_AUTOS = YES_AGGRESSIVE;
				GCC_WARN_UNUSED_FUNCTION = YES;
				GCC_WARN_UNUSED_VARIABLE = YES;
				IPHONEOS_DEPLOYMENT_TARGET = 8.3;
				MTL_ENABLE_DEBUG_INFO = YES;
				ONLY_ACTIVE_ARCH = YES;
				SDKROOT = iphoneos;
			};
			name = Debug;
		};
		07B74DDF1B1D1EFC0064E526 /* Release */ = {
			isa = XCBuildConfiguration;
			buildSettings = {
				ALWAYS_SEARCH_USER_PATHS = NO;
				CLANG_CXX_LANGUAGE_STANDARD = "gnu++0x";
				CLANG_CXX_LIBRARY = "libc++";
				CLANG_ENABLE_MODULES = YES;
				CLANG_ENABLE_OBJC_ARC = YES;
				CLANG_WARN_BOOL_CONVERSION = YES;
				CLANG_WARN_CONSTANT_CONVERSION = YES;
				CLANG_WARN_DIRECT_OBJC_ISA_USAGE = YES_ERROR;
				CLANG_WARN_EMPTY_BODY = YES;
				CLANG_WARN_ENUM_CONVERSION = YES;
				CLANG_WARN_INT_CONVERSION = YES;
				CLANG_WARN_OBJC_ROOT_CLASS = YES_ERROR;
				CLANG_WARN_UNREACHABLE_CODE = YES;
				CLANG_WARN__DUPLICATE_METHOD_MATCH = YES;
				"CODE_SIGN_IDENTITY[sdk=iphoneos*]" = "iPhone Developer";
				COPY_PHASE_STRIP = NO;
				DEBUG_INFORMATION_FORMAT = "dwarf-with-dsym";
				ENABLE_NS_ASSERTIONS = NO;
				ENABLE_STRICT_OBJC_MSGSEND = YES;
				GCC_C_LANGUAGE_STANDARD = gnu99;
				GCC_NO_COMMON_BLOCKS = YES;
				GCC_WARN_64_TO_32_BIT_CONVERSION = YES;
				GCC_WARN_ABOUT_RETURN_TYPE = YES_ERROR;
				GCC_WARN_UNDECLARED_SELECTOR = YES;
				GCC_WARN_UNINITIALIZED_AUTOS = YES_AGGRESSIVE;
				GCC_WARN_UNUSED_FUNCTION = YES;
				GCC_WARN_UNUSED_VARIABLE = YES;
				IPHONEOS_DEPLOYMENT_TARGET = 8.3;
				MTL_ENABLE_DEBUG_INFO = NO;
				SDKROOT = iphoneos;
				VALIDATE_PRODUCT = YES;
			};
			name = Release;
		};
		07B74DE11B1D1EFC0064E526 /* Debug */ = {
			isa = XCBuildConfiguration;
			buildSettings = {
				ASSETCATALOG_COMPILER_APPICON_NAME = AppIcon;
				INFOPLIST_FILE = Micheesmo/Info.plist;
				LD_RUNPATH_SEARCH_PATHS = "$(inherited) @executable_path/Frameworks";
				PRODUCT_NAME = "$(TARGET_NAME)";
			};
			name = Debug;
		};
		07B74DE21B1D1EFC0064E526 /* Release */ = {
			isa = XCBuildConfiguration;
			buildSettings = {
				ASSETCATALOG_COMPILER_APPICON_NAME = AppIcon;
				INFOPLIST_FILE = Micheesmo/Info.plist;
				LD_RUNPATH_SEARCH_PATHS = "$(inherited) @executable_path/Frameworks";
				PRODUCT_NAME = "$(TARGET_NAME)";
			};
			name = Release;
		};
		07B74DE41B1D1EFC0064E526 /* Debug */ = {
			isa = XCBuildConfiguration;
			buildSettings = {
				BUNDLE_LOADER = "$(TEST_HOST)";
				FRAMEWORK_SEARCH_PATHS = (
					"$(SDKROOT)/Developer/Library/Frameworks",
					"$(inherited)",
				);
				GCC_PREPROCESSOR_DEFINITIONS = (
					"DEBUG=1",
					"$(inherited)",
				);
				INFOPLIST_FILE = MicheesmoTests/Info.plist;
				LD_RUNPATH_SEARCH_PATHS = "$(inherited) @executable_path/Frameworks @loader_path/Frameworks";
				PRODUCT_NAME = "$(TARGET_NAME)";
				TEST_HOST = "$(BUILT_PRODUCTS_DIR)/Micheesmo.app/Micheesmo";
			};
			name = Debug;
		};
		07B74DE51B1D1EFC0064E526 /* Release */ = {
			isa = XCBuildConfiguration;
			buildSettings = {
				BUNDLE_LOADER = "$(TEST_HOST)";
				FRAMEWORK_SEARCH_PATHS = (
					"$(SDKROOT)/Developer/Library/Frameworks",
					"$(inherited)",
				);
				INFOPLIST_FILE = MicheesmoTests/Info.plist;
				LD_RUNPATH_SEARCH_PATHS = "$(inherited) @executable_path/Frameworks @loader_path/Frameworks";
				PRODUCT_NAME = "$(TARGET_NAME)";
				TEST_HOST = "$(BUILT_PRODUCTS_DIR)/Micheesmo.app/Micheesmo";
			};
			name = Release;
		};
/* End XCBuildConfiguration section */

/* Begin XCConfigurationList section */
		07B74DB81B1D1EFC0064E526 /* Build configuration list for PBXProject "Micheesmo" */ = {
			isa = XCConfigurationList;
			buildConfigurations = (
				07B74DDE1B1D1EFC0064E526 /* Debug */,
				07B74DDF1B1D1EFC0064E526 /* Release */,
			);
			defaultConfigurationIsVisible = 0;
			defaultConfigurationName = Release;
		};
		07B74DE01B1D1EFC0064E526 /* Build configuration list for PBXNativeTarget "Micheesmo" */ = {
			isa = XCConfigurationList;
			buildConfigurations = (
				07B74DE11B1D1EFC0064E526 /* Debug */,
				07B74DE21B1D1EFC0064E526 /* Release */,
			);
			defaultConfigurationIsVisible = 0;
		};
		07B74DE31B1D1EFC0064E526 /* Build configuration list for PBXNativeTarget "MicheesmoTests" */ = {
			isa = XCConfigurationList;
			buildConfigurations = (
				07B74DE41B1D1EFC0064E526 /* Debug */,
				07B74DE51B1D1EFC0064E526 /* Release */,
			);
			defaultConfigurationIsVisible = 0;
		};
/* End XCConfigurationList section */
	};
	rootObject = 07B74DB51B1D1EFC0064E526 /* Project object */;
}
